{
  "name": "vscode",
  "lockfileVersion": 3,
  "requires": true,
  "packages": {
    "": {
      "dependencies": {
        "copy4lm-vscode": "file:.."
      }
    },
    "..": {
      "version": "0.2.2",
      "license": "MIT",
      "dependencies": {
        "copy4lm-common": "file:../common/build/dist/js/productionLibrary"
      },
      "devDependencies": {
        "@types/node": "^20.11.30",
        "@types/vscode": "^1.86.0",
        "@vscode/vsce": "^2.25.0",
        "esbuild": "^0.24.0",
        "typescript": "^5.5.4"
      },
      "engines": {
        "vscode": "^1.86.0"
      }
    },
    "node_modules/copy4lm-vscode": {
      "resolved": "..",
      "link": true
    }
  }
}
